PODS:
  - Alamofire (4.4.0)
  - STRegex (1.0.0)
  - SwiftyJSON (3.1.4)

DEPENDENCIES:
  - Alamofire (~> 4.4)
  - STRegex (~> 1.0)
  - SwiftyJSON

SPEC CHECKSUMS:
  Alamofire: dc44b1600b800eb63da6a19039a0083d62a6a62d
  STRegex: e186c92978c6701dfa216287c5a46720d06baa69
  SwiftyJSON: c2842d878f95482ffceec5709abc3d05680c0220

PODFILE CHECKSUM: 651422c4088ea139a57a35249ba13d7fba3b807d

COCOAPODS: 1.2.1
