PODS:
  - Alamofire (4.5.0)
  - PureLayout (3.0.2)
  - Sparkle (1.17.0)
  - SwiftyJSON (3.1.4)

DEPENDENCIES:
  - Alamofire (~> 4.4)
  - PureLayout
  - Sparkle
  - SwiftyJSON

SPEC CHECKSUMS:
  Alamofire: f28cdffd29de33a7bfa022cbd63ae95a27fae140
  PureLayout: 4d550abe49a94f24c2808b9b95db9131685fe4cd
  Sparkle: ccfb47699feea7b40b51cf3176f69404e5b1da6c
  SwiftyJSON: c2842d878f95482ffceec5709abc3d05680c0220

PODFILE CHECKSUM: b0c5c5498204968922505fc8277cb37e70669955

COCOAPODS: 1.2.1
