// !$*UTF8*$!
{
	archiveVersion = 1;
	classes = {
	};
	objectVersion = 46;
	objects = {

/* Begin PBXBuildFile section */
		6332627F1F0139F100DE386D /* Actions.swift in Sources */ = {isa = PBXBuildFile; fileRef = 633262771F0139F100DE386D /* Actions.swift */; };
		633262801F0139F100DE386D /* DataStore.swift in Sources */ = {isa = PBXBuildFile; fileRef = 633262781F0139F100DE386D /* DataStore.swift */; };
		633262811F0139F100DE386D /* Helpers.swift in Sources */ = {isa = PBXBuildFile; fileRef = 633262791F0139F100DE386D /* Helpers.swift */; };
		633262821F0139F100DE386D /* ItemView.swift in Sources */ = {isa = PBXBuildFile; fileRef = 6332627A1F0139F100DE386D /* ItemView.swift */; };
		633262831F0139F100DE386D /* MenuItemHandler.swift in Sources */ = {isa = PBXBuildFile; fileRef = 6332627B1F0139F100DE386D /* MenuItemHandler.swift */; };
		633262841F0139F100DE386D /* NotificationHandler.swift in Sources */ = {isa = PBXBuildFile; fileRef = 6332627C1F0139F100DE386D /* NotificationHandler.swift */; };
		633262851F0139F100DE386D /* PreferencesWindow.swift in Sources */ = {isa = PBXBuildFile; fileRef = 6332627D1F0139F100DE386D /* PreferencesWindow.swift */; };
		633262861F0139F100DE386D /* PreferencesWindow.xib in Resources */ = {isa = PBXBuildFile; fileRef = 6332627E1F0139F100DE386D /* PreferencesWindow.xib */; };
		6347C2F51EF80ED800DA7B4B /* Alamofire.framework in Frameworks */ = {isa = PBXBuildFile; fileRef = 6347C2F41EF80ED800DA7B4B /* Alamofire.framework */; };
		6347C2F71EF8243F00DA7B4B /* demo.json in Resources */ = {isa = PBXBuildFile; fileRef = 6347C2F61EF8243F00DA7B4B /* demo.json */; };
		639E214E1EF7F50100871FDD /* AppDelegate.swift in Sources */ = {isa = PBXBuildFile; fileRef = 639E214D1EF7F50100871FDD /* AppDelegate.swift */; };
		639E21501EF7F50100871FDD /* ViewController.swift in Sources */ = {isa = PBXBuildFile; fileRef = 639E214F1EF7F50100871FDD /* ViewController.swift */; };
		639E21521EF7F50100871FDD /* Assets.xcassets in Resources */ = {isa = PBXBuildFile; fileRef = 639E21511EF7F50100871FDD /* Assets.xcassets */; };
		639E21551EF7F50100871FDD /* Main.storyboard in Resources */ = {isa = PBXBuildFile; fileRef = 639E21531EF7F50100871FDD /* Main.storyboard */; };
		639E215D1EF7F9FB00871FDD /* StatusMenuController.swift in Sources */ = {isa = PBXBuildFile; fileRef = 639E215C1EF7F9FB00871FDD /* StatusMenuController.swift */; };
		639E215F1EF8009200871FDD /* API.swift in Sources */ = {isa = PBXBuildFile; fileRef = 639E215E1EF8009200871FDD /* API.swift */; };
		AF7B2B02AD2D50188CE58AFE /* Pods_GithubNotifier.framework in Frameworks */ = {isa = PBXBuildFile; fileRef = 6BB36DFABF936590C4DAD9FC /* Pods_GithubNotifier.framework */; };
/* End PBXBuildFile section */

/* Begin PBXFileReference section */
		19D99A69E7C09EA6D8E23575 /* Pods-GithubNotifier.release.xcconfig */ = {isa = PBXFileReference; includeInIndex = 1; lastKnownFileType = text.xcconfig; name = "Pods-GithubNotifier.release.xcconfig"; path = "Pods/Target Support Files/Pods-GithubNotifier/Pods-GithubNotifier.release.xcconfig"; sourceTree = "<group>"; };
		4E4F53193E5C8E80DB64CB5F /* Pods-GithubNotifier.debug.xcconfig */ = {isa = PBXFileReference; includeInIndex = 1; lastKnownFileType = text.xcconfig; name = "Pods-GithubNotifier.debug.xcconfig"; path = "Pods/Target Support Files/Pods-GithubNotifier/Pods-GithubNotifier.debug.xcconfig"; sourceTree = "<group>"; };
		633262771F0139F100DE386D /* Actions.swift */ = {isa = PBXFileReference; fileEncoding = 4; lastKnownFileType = sourcecode.swift; path = Actions.swift; sourceTree = "<group>"; };
		633262781F0139F100DE386D /* DataStore.swift */ = {isa = PBXFileReference; fileEncoding = 4; lastKnownFileType = sourcecode.swift; path = DataStore.swift; sourceTree = "<group>"; };
		633262791F0139F100DE386D /* Helpers.swift */ = {isa = PBXFileReference; fileEncoding = 4; lastKnownFileType = sourcecode.swift; path = Helpers.swift; sourceTree = "<group>"; };
		6332627A1F0139F100DE386D /* ItemView.swift */ = {isa = PBXFileReference; fileEncoding = 4; lastKnownFileType = sourcecode.swift; path = ItemView.swift; sourceTree = "<group>"; };
		6332627B1F0139F100DE386D /* MenuItemHandler.swift */ = {isa = PBXFileReference; fileEncoding = 4; lastKnownFileType = sourcecode.swift; path = MenuItemHandler.swift; sourceTree = "<group>"; };
		6332627C1F0139F100DE386D /* NotificationHandler.swift */ = {isa = PBXFileReference; fileEncoding = 4; lastKnownFileType = sourcecode.swift; path = NotificationHandler.swift; sourceTree = "<group>"; };
		6332627D1F0139F100DE386D /* PreferencesWindow.swift */ = {isa = PBXFileReference; fileEncoding = 4; lastKnownFileType = sourcecode.swift; path = PreferencesWindow.swift; sourceTree = "<group>"; };
		6332627E1F0139F100DE386D /* PreferencesWindow.xib */ = {isa = PBXFileReference; fileEncoding = 4; lastKnownFileType = file.xib; path = PreferencesWindow.xib; sourceTree = "<group>"; };
		6347C2F41EF80ED800DA7B4B /* Alamofire.framework */ = {isa = PBXFileReference; lastKnownFileType = wrapper.framework; name = Alamofire.framework; path = DerivedData/GithubNotifier/Build/Products/Debug/Alamofire/Alamofire.framework; sourceTree = "<group>"; };
		6347C2F61EF8243F00DA7B4B /* demo.json */ = {isa = PBXFileReference; fileEncoding = 4; lastKnownFileType = text.json; name = demo.json; path = ../demo.json; sourceTree = "<group>"; };
		639E214A1EF7F50100871FDD /* GithubNotifier.app */ = {isa = PBXFileReference; explicitFileType = wrapper.application; includeInIndex = 0; path = GithubNotifier.app; sourceTree = BUILT_PRODUCTS_DIR; };
		639E214D1EF7F50100871FDD /* AppDelegate.swift */ = {isa = PBXFileReference; lastKnownFileType = sourcecode.swift; path = AppDelegate.swift; sourceTree = "<group>"; };
		639E214F1EF7F50100871FDD /* ViewController.swift */ = {isa = PBXFileReference; lastKnownFileType = sourcecode.swift; path = ViewController.swift; sourceTree = "<group>"; };
		639E21511EF7F50100871FDD /* Assets.xcassets */ = {isa = PBXFileReference; lastKnownFileType = folder.assetcatalog; path = Assets.xcassets; sourceTree = "<group>"; };
		639E21541EF7F50100871FDD /* Base */ = {isa = PBXFileReference; lastKnownFileType = file.storyboard; name = Base; path = Base.lproj/Main.storyboard; sourceTree = "<group>"; };
		639E21561EF7F50100871FDD /* Info.plist */ = {isa = PBXFileReference; lastKnownFileType = text.plist.xml; path = Info.plist; sourceTree = "<group>"; };
		639E215C1EF7F9FB00871FDD /* StatusMenuController.swift */ = {isa = PBXFileReference; fileEncoding = 4; lastKnownFileType = sourcecode.swift; path = StatusMenuController.swift; sourceTree = "<group>"; };
		639E215E1EF8009200871FDD /* API.swift */ = {isa = PBXFileReference; fileEncoding = 4; lastKnownFileType = sourcecode.swift; path = API.swift; sourceTree = "<group>"; };
		6BB36DFABF936590C4DAD9FC /* Pods_GithubNotifier.framework */ = {isa = PBXFileReference; explicitFileType = wrapper.framework; includeInIndex = 0; path = Pods_GithubNotifier.framework; sourceTree = BUILT_PRODUCTS_DIR; };
/* End PBXFileReference section */

/* Begin PBXFrameworksBuildPhase section */
		639E21471EF7F50100871FDD /* Frameworks */ = {
			isa = PBXFrameworksBuildPhase;
			buildActionMask = 2147483647;
			files = (
				6347C2F51EF80ED800DA7B4B /* Alamofire.framework in Frameworks */,
				AF7B2B02AD2D50188CE58AFE /* Pods_GithubNotifier.framework in Frameworks */,
			);
			runOnlyForDeploymentPostprocessing = 0;
		};
/* End PBXFrameworksBuildPhase section */

/* Begin PBXGroup section */
		2C3B167E7413197B88159344 /* Frameworks */ = {
			isa = PBXGroup;
			children = (
				6347C2F41EF80ED800DA7B4B /* Alamofire.framework */,
				6BB36DFABF936590C4DAD9FC /* Pods_GithubNotifier.framework */,
			);
			name = Frameworks;
			sourceTree = "<group>";
		};
		544D874B64E9822CDCC5BB42 /* Pods */ = {
			isa = PBXGroup;
			children = (
				4E4F53193E5C8E80DB64CB5F /* Pods-GithubNotifier.debug.xcconfig */,
				19D99A69E7C09EA6D8E23575 /* Pods-GithubNotifier.release.xcconfig */,
			);
			name = Pods;
			sourceTree = "<group>";
		};
		639E21411EF7F50100871FDD = {
			isa = PBXGroup;
			children = (
				639E214C1EF7F50100871FDD /* GithubNotifier */,
				639E214B1EF7F50100871FDD /* Products */,
				544D874B64E9822CDCC5BB42 /* Pods */,
				2C3B167E7413197B88159344 /* Frameworks */,
			);
			sourceTree = "<group>";
		};
		639E214B1EF7F50100871FDD /* Products */ = {
			isa = PBXGroup;
			children = (
				639E214A1EF7F50100871FDD /* GithubNotifier.app */,
			);
			name = Products;
			sourceTree = "<group>";
		};
		639E214C1EF7F50100871FDD /* GithubNotifier */ = {
			isa = PBXGroup;
			children = (
				633262771F0139F100DE386D /* Actions.swift */,
				639E215E1EF8009200871FDD /* API.swift */,
				639E214D1EF7F50100871FDD /* AppDelegate.swift */,
				639E21511EF7F50100871FDD /* Assets.xcassets */,
				633262781F0139F100DE386D /* DataStore.swift */,
				6347C2F61EF8243F00DA7B4B /* demo.json */,
				633262791F0139F100DE386D /* Helpers.swift */,
				639E21561EF7F50100871FDD /* Info.plist */,
				6332627A1F0139F100DE386D /* ItemView.swift */,
				639E21531EF7F50100871FDD /* Main.storyboard */,
				6332627B1F0139F100DE386D /* MenuItemHandler.swift */,
				6332627C1F0139F100DE386D /* NotificationHandler.swift */,
				6332627D1F0139F100DE386D /* PreferencesWindow.swift */,
				6332627E1F0139F100DE386D /* PreferencesWindow.xib */,
				639E215C1EF7F9FB00871FDD /* StatusMenuController.swift */,
				639E214F1EF7F50100871FDD /* ViewController.swift */,
			);
			path = GithubNotifier;
			sourceTree = "<group>";
		};
/* End PBXGroup section */

/* Begin PBXNativeTarget section */
		639E21491EF7F50100871FDD /* GithubNotifier */ = {
			isa = PBXNativeTarget;
			buildConfigurationList = 639E21591EF7F50100871FDD /* Build configuration list for PBXNativeTarget "GithubNotifier" */;
			buildPhases = (
				719EDD8A4685FFE18BD6278F /* [CP] Check Pods Manifest.lock */,
				639E21461EF7F50100871FDD /* Sources */,
				639E21471EF7F50100871FDD /* Frameworks */,
				639E21481EF7F50100871FDD /* Resources */,
				FBF6895D9D85C96406D04685 /* [CP] Embed Pods Frameworks */,
				30E1D2F830DFC6B642760734 /* [CP] Copy Pods Resources */,
			);
			buildRules = (
			);
			dependencies = (
			);
			name = GithubNotifier;
			productName = GithubNotifier;
			productReference = 639E214A1EF7F50100871FDD /* GithubNotifier.app */;
			productType = "com.apple.product-type.application";
		};
/* End PBXNativeTarget section */

/* Begin PBXProject section */
		639E21421EF7F50100871FDD /* Project object */ = {
			isa = PBXProject;
			attributes = {
				LastSwiftUpdateCheck = 0830;
				LastUpgradeCheck = 0830;
				ORGANIZATIONNAME = "David Buchan-Swanson";
				TargetAttributes = {
					639E21491EF7F50100871FDD = {
						CreatedOnToolsVersion = 8.3.3;
						DevelopmentTeam = U949QPFRM7;
						ProvisioningStyle = Automatic;
					};
				};
			};
			buildConfigurationList = 639E21451EF7F50100871FDD /* Build configuration list for PBXProject "GithubNotifier" */;
			compatibilityVersion = "Xcode 3.2";
			developmentRegion = English;
			hasScannedForEncodings = 0;
			knownRegions = (
				en,
				Base,
			);
			mainGroup = 639E21411EF7F50100871FDD;
			productRefGroup = 639E214B1EF7F50100871FDD /* Products */;
			projectDirPath = "";
			projectRoot = "";
			targets = (
				639E21491EF7F50100871FDD /* GithubNotifier */,
			);
		};
/* End PBXProject section */

/* Begin PBXResourcesBuildPhase section */
		639E21481EF7F50100871FDD /* Resources */ = {
			isa = PBXResourcesBuildPhase;
			buildActionMask = 2147483647;
			files = (
				633262861F0139F100DE386D /* PreferencesWindow.xib in Resources */,
				639E21521EF7F50100871FDD /* Assets.xcassets in Resources */,
				6347C2F71EF8243F00DA7B4B /* demo.json in Resources */,
				639E21551EF7F50100871FDD /* Main.storyboard in Resources */,
			);
			runOnlyForDeploymentPostprocessing = 0;
		};
/* End PBXResourcesBuildPhase section */

/* Begin PBXShellScriptBuildPhase section */
		30E1D2F830DFC6B642760734 /* [CP] Copy Pods Resources */ = {
			isa = PBXShellScriptBuildPhase;
			buildActionMask = 2147483647;
			files = (
			);
			inputPaths = (
			);
			name = "[CP] Copy Pods Resources";
			outputPaths = (
			);
			runOnlyForDeploymentPostprocessing = 0;
			shellPath = /bin/sh;
			shellScript = "\"${SRCROOT}/Pods/Target Support Files/Pods-GithubNotifier/Pods-GithubNotifier-resources.sh\"\n";
			showEnvVarsInLog = 0;
		};
		719EDD8A4685FFE18BD6278F /* [CP] Check Pods Manifest.lock */ = {
			isa = PBXShellScriptBuildPhase;
			buildActionMask = 2147483647;
			files = (
			);
			inputPaths = (
			);
			name = "[CP] Check Pods Manifest.lock";
			outputPaths = (
			);
			runOnlyForDeploymentPostprocessing = 0;
			shellPath = /bin/sh;
			shellScript = "diff \"${PODS_PODFILE_DIR_PATH}/Podfile.lock\" \"${PODS_ROOT}/Manifest.lock\" > /dev/null\nif [ $? != 0 ] ; then\n    # print error to STDERR\n    echo \"error: The sandbox is not in sync with the Podfile.lock. Run 'pod install' or update your CocoaPods installation.\" >&2\n    exit 1\nfi\n";
			showEnvVarsInLog = 0;
		};
		FBF6895D9D85C96406D04685 /* [CP] Embed Pods Frameworks */ = {
			isa = PBXShellScriptBuildPhase;
			buildActionMask = 2147483647;
			files = (
			);
			inputPaths = (
			);
			name = "[CP] Embed Pods Frameworks";
			outputPaths = (
			);
			runOnlyForDeploymentPostprocessing = 0;
			shellPath = /bin/sh;
			shellScript = "\"${SRCROOT}/Pods/Target Support Files/Pods-GithubNotifier/Pods-GithubNotifier-frameworks.sh\"\n";
			showEnvVarsInLog = 0;
		};
/* End PBXShellScriptBuildPhase section */

/* Begin PBXSourcesBuildPhase section */
		639E21461EF7F50100871FDD /* Sources */ = {
			isa = PBXSourcesBuildPhase;
			buildActionMask = 2147483647;
			files = (
				6332627F1F0139F100DE386D /* Actions.swift in Sources */,
				633262811F0139F100DE386D /* Helpers.swift in Sources */,
				633262831F0139F100DE386D /* MenuItemHandler.swift in Sources */,
				633262801F0139F100DE386D /* DataStore.swift in Sources */,
				633262821F0139F100DE386D /* ItemView.swift in Sources */,
				639E215D1EF7F9FB00871FDD /* StatusMenuController.swift in Sources */,
				639E21501EF7F50100871FDD /* ViewController.swift in Sources */,
				633262841F0139F100DE386D /* NotificationHandler.swift in Sources */,
				639E215F1EF8009200871FDD /* API.swift in Sources */,
				639E214E1EF7F50100871FDD /* AppDelegate.swift in Sources */,
				633262851F0139F100DE386D /* PreferencesWindow.swift in Sources */,
			);
			runOnlyForDeploymentPostprocessing = 0;
		};
/* End PBXSourcesBuildPhase section */

/* Begin PBXVariantGroup section */
		639E21531EF7F50100871FDD /* Main.storyboard */ = {
			isa = PBXVariantGroup;
			children = (
				639E21541EF7F50100871FDD /* Base */,
			);
			name = Main.storyboard;
			sourceTree = "<group>";
		};
/* End PBXVariantGroup section */

/* Begin XCBuildConfiguration section */
		639E21571EF7F50100871FDD /* Debug */ = {
			isa = XCBuildConfiguration;
			buildSettings = {
				ALWAYS_SEARCH_USER_PATHS = NO;
				CLANG_ANALYZER_NONNULL = YES;
				CLANG_ANALYZER_NUMBER_OBJECT_CONVERSION = YES_AGGRESSIVE;
				CLANG_CXX_LANGUAGE_STANDARD = "gnu++0x";
				CLANG_CXX_LIBRARY = "libc++";
				CLANG_ENABLE_MODULES = YES;
				CLANG_ENABLE_OBJC_ARC = YES;
				CLANG_WARN_BOOL_CONVERSION = YES;
				CLANG_WARN_CONSTANT_CONVERSION = YES;
				CLANG_WARN_DIRECT_OBJC_ISA_USAGE = YES_ERROR;
				CLANG_WARN_DOCUMENTATION_COMMENTS = YES;
				CLANG_WARN_EMPTY_BODY = YES;
				CLANG_WARN_ENUM_CONVERSION = YES;
				CLANG_WARN_INFINITE_RECURSION = YES;
				CLANG_WARN_INT_CONVERSION = YES;
				CLANG_WARN_OBJC_ROOT_CLASS = YES_ERROR;
				CLANG_WARN_SUSPICIOUS_MOVE = YES;
				CLANG_WARN_UNREACHABLE_CODE = YES;
				CLANG_WARN__DUPLICATE_METHOD_MATCH = YES;
				CODE_SIGN_IDENTITY = "-";
				COPY_PHASE_STRIP = NO;
				DEBUG_INFORMATION_FORMAT = dwarf;
				ENABLE_STRICT_OBJC_MSGSEND = YES;
				ENABLE_TESTABILITY = YES;
				GCC_C_LANGUAGE_STANDARD = gnu99;
				GCC_DYNAMIC_NO_PIC = NO;
				GCC_NO_COMMON_BLOCKS = YES;
				GCC_OPTIMIZATION_LEVEL = 0;
				GCC_PREPROCESSOR_DEFINITIONS = (
					"DEBUG=1",
					"$(inherited)",
				);
				GCC_WARN_64_TO_32_BIT_CONVERSION = YES;
				GCC_WARN_ABOUT_RETURN_TYPE = YES_ERROR;
				GCC_WARN_UNDECLARED_SELECTOR = YES;
				GCC_WARN_UNINITIALIZED_AUTOS = YES_AGGRESSIVE;
				GCC_WARN_UNUSED_FUNCTION = YES;
				GCC_WARN_UNUSED_VARIABLE = YES;
				MACOSX_DEPLOYMENT_TARGET = 10.12;
				MTL_ENABLE_DEBUG_INFO = YES;
				ONLY_ACTIVE_ARCH = YES;
				SDKROOT = macosx;
				SWIFT_ACTIVE_COMPILATION_CONDITIONS = DEBUG;
				SWIFT_OPTIMIZATION_LEVEL = "-Onone";
			};
			name = Debug;
		};
		639E21581EF7F50100871FDD /* Release */ = {
			isa = XCBuildConfiguration;
			buildSettings = {
				ALWAYS_SEARCH_USER_PATHS = NO;
				CLANG_ANALYZER_NONNULL = YES;
				CLANG_ANALYZER_NUMBER_OBJECT_CONVERSION = YES_AGGRESSIVE;
				CLANG_CXX_LANGUAGE_STANDARD = "gnu++0x";
				CLANG_CXX_LIBRARY = "libc++";
				CLANG_ENABLE_MODULES = YES;
				CLANG_ENABLE_OBJC_ARC = YES;
				CLANG_WARN_BOOL_CONVERSION = YES;
				CLANG_WARN_CONSTANT_CONVERSION = YES;
				CLANG_WARN_DIRECT_OBJC_ISA_USAGE = YES_ERROR;
				CLANG_WARN_DOCUMENTATION_COMMENTS = YES;
				CLANG_WARN_EMPTY_BODY = YES;
				CLANG_WARN_ENUM_CONVERSION = YES;
				CLANG_WARN_INFINITE_RECURSION = YES;
				CLANG_WARN_INT_CONVERSION = YES;
				CLANG_WARN_OBJC_ROOT_CLASS = YES_ERROR;
				CLANG_WARN_SUSPICIOUS_MOVE = YES;
				CLANG_WARN_UNREACHABLE_CODE = YES;
				CLANG_WARN__DUPLICATE_METHOD_MATCH = YES;
				CODE_SIGN_IDENTITY = "-";
				COPY_PHASE_STRIP = NO;
				DEBUG_INFORMATION_FORMAT = "dwarf-with-dsym";
				ENABLE_NS_ASSERTIONS = NO;
				ENABLE_STRICT_OBJC_MSGSEND = YES;
				GCC_C_LANGUAGE_STANDARD = gnu99;
				GCC_NO_COMMON_BLOCKS = YES;
				GCC_WARN_64_TO_32_BIT_CONVERSION = YES;
				GCC_WARN_ABOUT_RETURN_TYPE = YES_ERROR;
				GCC_WARN_UNDECLARED_SELECTOR = YES;
				GCC_WARN_UNINITIALIZED_AUTOS = YES_AGGRESSIVE;
				GCC_WARN_UNUSED_FUNCTION = YES;
				GCC_WARN_UNUSED_VARIABLE = YES;
				MACOSX_DEPLOYMENT_TARGET = 10.12;
				MTL_ENABLE_DEBUG_INFO = NO;
				SDKROOT = macosx;
				SWIFT_OPTIMIZATION_LEVEL = "-Owholemodule";
			};
			name = Release;
		};
		639E215A1EF7F50100871FDD /* Debug */ = {
			isa = XCBuildConfiguration;
			baseConfigurationReference = 4E4F53193E5C8E80DB64CB5F /* Pods-GithubNotifier.debug.xcconfig */;
			buildSettings = {
				ASSETCATALOG_COMPILER_APPICON_NAME = AppIcon;
				COMBINE_HIDPI_IMAGES = YES;
				DEVELOPMENT_TEAM = U949QPFRM7;
				FRAMEWORK_SEARCH_PATHS = (
					"$(inherited)",
					"$(PROJECT_DIR)/DerivedData/GithubNotifier/Build/Products/Debug/Alamofire",
				);
				INFOPLIST_FILE = GithubNotifier/Info.plist;
				LD_RUNPATH_SEARCH_PATHS = "$(inherited) @executable_path/../Frameworks";
				PRODUCT_BUNDLE_IDENTIFIER = com.deecewan.GithubNotifier;
				PRODUCT_NAME = "$(TARGET_NAME)";
				SWIFT_VERSION = 3.0;
			};
			name = Debug;
		};
		639E215B1EF7F50100871FDD /* Release */ = {
			isa = XCBuildConfiguration;
			baseConfigurationReference = 19D99A69E7C09EA6D8E23575 /* Pods-GithubNotifier.release.xcconfig */;
			buildSettings = {
				ASSETCATALOG_COMPILER_APPICON_NAME = AppIcon;
				COMBINE_HIDPI_IMAGES = YES;
				DEVELOPMENT_TEAM = U949QPFRM7;
				FRAMEWORK_SEARCH_PATHS = (
					"$(inherited)",
					"$(PROJECT_DIR)/DerivedData/GithubNotifier/Build/Products/Debug/Alamofire",
				);
				INFOPLIST_FILE = GithubNotifier/Info.plist;
				LD_RUNPATH_SEARCH_PATHS = "$(inherited) @executable_path/../Frameworks";
				PRODUCT_BUNDLE_IDENTIFIER = com.deecewan.GithubNotifier;
				PRODUCT_NAME = "$(TARGET_NAME)";
				SWIFT_VERSION = 3.0;
			};
			name = Release;
		};
/* End XCBuildConfiguration section */

/* Begin XCConfigurationList section */
		639E21451EF7F50100871FDD /* Build configuration list for PBXProject "GithubNotifier" */ = {
			isa = XCConfigurationList;
			buildConfigurations = (
				639E21571EF7F50100871FDD /* Debug */,
				639E21581EF7F50100871FDD /* Release */,
			);
			defaultConfigurationIsVisible = 0;
			defaultConfigurationName = Release;
		};
		639E21591EF7F50100871FDD /* Build configuration list for PBXNativeTarget "GithubNotifier" */ = {
			isa = XCConfigurationList;
			buildConfigurations = (
				639E215A1EF7F50100871FDD /* Debug */,
				639E215B1EF7F50100871FDD /* Release */,
			);
			defaultConfigurationIsVisible = 0;
			defaultConfigurationName = Release;
		};
/* End XCConfigurationList section */
	};
	rootObject = 639E21421EF7F50100871FDD /* Project object */;
}
